{
  "name": "@ipget/tree-gen",
  "version": "0.5.2",
  "lockfileVersion": 3,
  "requires": true,
  "packages": {
    "": {
      "name": "@ipget/tree-gen",
      "version": "0.5.2",
      "license": "MIT",
      "bin": {
        "tree-gen": "index.js"
      },
      "engines": {
        "node": ">=14.0.0"
      }
    }
  }
}
